
Microsoft Visual Studio Solution File, Format Version 12.00
# Visual Studio 15
VisualStudioVersion = 15.0.28307.645
MinimumVisualStudioVersion = 10.0.40219.1
Project("{FAE04EC0-301F-11D3-BF4B-00C04F79EFBC}") = "KZ2", "KZ2\KZ2.csproj", "{103F3EE2-7E4D-40BA-A961-9DF52B3B5968}"
EndProject
Global
	GlobalSection(SolutionConfigurationPlatforms) = preSolution
		Debug|Any CPU = Debug|Any CPU
		Release|Any CPU = Release|Any CPU
	EndGlobalSection
	GlobalSection(ProjectConfigurationPlatforms) = postSolution
		{103F3EE2-7E4D-40BA-A961-9DF52B3B5968}.Debug|Any CPU.ActiveCfg = Debug|Any CPU
		{103F3EE2-7E4D-40BA-A961-9DF52B3B5968}.Debug|Any CPU.Build.0 = Debug|Any CPU
		{103F3EE2-7E4D-40BA-A961-9DF52B3B5968}.Release|Any CPU.ActiveCfg = Release|Any CPU
		{103F3EE2-7E4D-40BA-A961-9DF52B3B5968}.Release|Any CPU.Build.0 = Release|Any CPU
	EndGlobalSection
	GlobalSection(SolutionProperties) = preSolution
		HideSolutionNode = FALSE
	EndGlobalSection
	GlobalSection(ExtensibilityGlobals) = postSolution
		SolutionGuid = {FFB6E98B-B3E0-4595-AD26-497ED2F9B7E0}
	EndGlobalSection
EndGlobal
